
Microsoft Visual Studio Solution File, Format Version 12.00
# Visual Studio 15
VisualStudioVersion = 15.0.27703.2042
MinimumVisualStudioVersion = 10.0.40219.1
Project("{2150E333-8FDC-42A3-9474-1A3956D46DE8}") = "Tests", "Tests", "{04794025-72A5-4A0D-B7DD-BD3BBE2BD055}"
EndProject
Project("{FAE04EC0-301F-11D3-BF4B-00C04F79EFBC}") = "SFA.DAS.ProviderRelationships.Web", "SFA.DAS.ProviderRelationships.Web\SFA.DAS.ProviderRelationships.Web.csproj", "{1A642056-5AD1-4B7D-889F-CF26364A6138}"
EndProject
Project("{9A19103F-16F7-4668-BE54-9A1E7A4F7556}") = "SFA.DAS.ProviderRelationships.Web.UnitTests", "SFA.DAS.ProviderRelationships.Web.UnitTests\SFA.DAS.ProviderRelationships.Web.UnitTests.csproj", "{AC00A2BD-5478-4965-9185-DECC31129187}"
EndProject
Project("{9A19103F-16F7-4668-BE54-9A1E7A4F7556}") = "SFA.DAS.ProviderRelationships", "SFA.DAS.ProviderRelationships\SFA.DAS.ProviderRelationships.csproj", "{C7FBD758-8531-4E65-BE21-6F013C6C6B25}"
EndProject
Project("{9A19103F-16F7-4668-BE54-9A1E7A4F7556}") = "SFA.DAS.ProviderRelationships.UnitTests", "SFA.DAS.ProviderRelationships.UnitTests\SFA.DAS.ProviderRelationships.UnitTests.csproj", "{50BAAF07-9143-4511-86F1-5576C3D4E825}"
EndProject
Project("{9A19103F-16F7-4668-BE54-9A1E7A4F7556}") = "SFA.DAS.ProviderRelationships.Messages", "SFA.DAS.ProviderRelationships.Messages\SFA.DAS.ProviderRelationships.Messages.csproj", "{6A265CC1-5196-4032-8645-1AE26E27D2AB}"
EndProject
Global
	GlobalSection(SolutionConfigurationPlatforms) = preSolution
		Debug|Any CPU = Debug|Any CPU
		Release|Any CPU = Release|Any CPU
	EndGlobalSection
	GlobalSection(ProjectConfigurationPlatforms) = postSolution
		{1A642056-5AD1-4B7D-889F-CF26364A6138}.Debug|Any CPU.ActiveCfg = Debug|Any CPU
		{1A642056-5AD1-4B7D-889F-CF26364A6138}.Debug|Any CPU.Build.0 = Debug|Any CPU
		{1A642056-5AD1-4B7D-889F-CF26364A6138}.Release|Any CPU.ActiveCfg = Release|Any CPU
		{1A642056-5AD1-4B7D-889F-CF26364A6138}.Release|Any CPU.Build.0 = Release|Any CPU
		{AC00A2BD-5478-4965-9185-DECC31129187}.Debug|Any CPU.ActiveCfg = Debug|Any CPU
		{AC00A2BD-5478-4965-9185-DECC31129187}.Debug|Any CPU.Build.0 = Debug|Any CPU
		{AC00A2BD-5478-4965-9185-DECC31129187}.Release|Any CPU.ActiveCfg = Release|Any CPU
		{AC00A2BD-5478-4965-9185-DECC31129187}.Release|Any CPU.Build.0 = Release|Any CPU
		{C7FBD758-8531-4E65-BE21-6F013C6C6B25}.Debug|Any CPU.ActiveCfg = Debug|Any CPU
		{C7FBD758-8531-4E65-BE21-6F013C6C6B25}.Debug|Any CPU.Build.0 = Debug|Any CPU
		{C7FBD758-8531-4E65-BE21-6F013C6C6B25}.Release|Any CPU.ActiveCfg = Release|Any CPU
		{C7FBD758-8531-4E65-BE21-6F013C6C6B25}.Release|Any CPU.Build.0 = Release|Any CPU
		{50BAAF07-9143-4511-86F1-5576C3D4E825}.Debug|Any CPU.ActiveCfg = Debug|Any CPU
		{50BAAF07-9143-4511-86F1-5576C3D4E825}.Debug|Any CPU.Build.0 = Debug|Any CPU
		{50BAAF07-9143-4511-86F1-5576C3D4E825}.Release|Any CPU.ActiveCfg = Release|Any CPU
		{50BAAF07-9143-4511-86F1-5576C3D4E825}.Release|Any CPU.Build.0 = Release|Any CPU
		{6A265CC1-5196-4032-8645-1AE26E27D2AB}.Debug|Any CPU.ActiveCfg = Debug|Any CPU
		{6A265CC1-5196-4032-8645-1AE26E27D2AB}.Debug|Any CPU.Build.0 = Debug|Any CPU
		{6A265CC1-5196-4032-8645-1AE26E27D2AB}.Release|Any CPU.ActiveCfg = Release|Any CPU
		{6A265CC1-5196-4032-8645-1AE26E27D2AB}.Release|Any CPU.Build.0 = Release|Any CPU
	EndGlobalSection
	GlobalSection(SolutionProperties) = preSolution
		HideSolutionNode = FALSE
	EndGlobalSection
	GlobalSection(NestedProjects) = preSolution
		{AC00A2BD-5478-4965-9185-DECC31129187} = {04794025-72A5-4A0D-B7DD-BD3BBE2BD055}
		{50BAAF07-9143-4511-86F1-5576C3D4E825} = {04794025-72A5-4A0D-B7DD-BD3BBE2BD055}
	EndGlobalSection
	GlobalSection(ExtensibilityGlobals) = postSolution
		SolutionGuid = {60F880F0-9517-4CDC-86E4-D8694C75B0EB}
	EndGlobalSection
EndGlobal
