
Microsoft Visual Studio Solution File, Format Version 12.00
# Visual Studio Version 16
VisualStudioVersion = 16.0.29306.81
MinimumVisualStudioVersion = 10.0.40219.1
Project("{2150E333-8FDC-42A3-9474-1A3956D46DE8}") = "Tests", "Tests", "{04794025-72A5-4A0D-B7DD-BD3BBE2BD055}"
EndProject
Project("{FAE04EC0-301F-11D3-BF4B-00C04F79EFBC}") = "SFA.DAS.ProviderRelationships.Web", "SFA.DAS.ProviderRelationships.Web\SFA.DAS.ProviderRelationships.Web.csproj", "{1A642056-5AD1-4B7D-889F-CF26364A6138}"
EndProject
Project("{9A19103F-16F7-4668-BE54-9A1E7A4F7556}") = "SFA.DAS.ProviderRelationships.Web.UnitTests", "SFA.DAS.ProviderRelationships.Web.UnitTests\SFA.DAS.ProviderRelationships.Web.UnitTests.csproj", "{AC00A2BD-5478-4965-9185-DECC31129187}"
EndProject
Project("{9A19103F-16F7-4668-BE54-9A1E7A4F7556}") = "SFA.DAS.ProviderRelationships", "SFA.DAS.ProviderRelationships\SFA.DAS.ProviderRelationships.csproj", "{C7FBD758-8531-4E65-BE21-6F013C6C6B25}"
EndProject
Project("{9A19103F-16F7-4668-BE54-9A1E7A4F7556}") = "SFA.DAS.ProviderRelationships.UnitTests", "SFA.DAS.ProviderRelationships.UnitTests\SFA.DAS.ProviderRelationships.UnitTests.csproj", "{50BAAF07-9143-4511-86F1-5576C3D4E825}"
EndProject
Project("{9A19103F-16F7-4668-BE54-9A1E7A4F7556}") = "SFA.DAS.ProviderRelationships.Messages", "SFA.DAS.ProviderRelationships.Messages\SFA.DAS.ProviderRelationships.Messages.csproj", "{6A265CC1-5196-4032-8645-1AE26E27D2AB}"
EndProject
Project("{9A19103F-16F7-4668-BE54-9A1E7A4F7556}") = "SFA.DAS.ProviderRelationships.Host", "SFA.DAS.ProviderRelationships.Host\SFA.DAS.ProviderRelationships.Host.csproj", "{1E68D7F6-06B8-4F24-A1CC-BF2950403000}"
EndProject
Project("{9A19103F-16F7-4668-BE54-9A1E7A4F7556}") = "SFA.DAS.ProviderRelationships.Jobs", "SFA.DAS.ProviderRelationships.Jobs\SFA.DAS.ProviderRelationships.Jobs.csproj", "{AA3B4779-D497-4761-9228-DFD8233DF77D}"
EndProject
Project("{00D1A9C2-B5F0-4AF3-8072-F6C62B433612}") = "SFA.DAS.ProviderRelationships.Database", "SFA.DAS.ProviderRelationships.Database\SFA.DAS.ProviderRelationships.Database.sqlproj", "{560FBBEB-44AD-41EB-B987-5712243FE536}"
EndProject
Project("{9A19103F-16F7-4668-BE54-9A1E7A4F7556}") = "SFA.DAS.ProviderRelationships.MessageHandlers", "SFA.DAS.ProviderRelationships.MessageHandlers\SFA.DAS.ProviderRelationships.MessageHandlers.csproj", "{35517391-9E0E-409D-93DB-998D446D9165}"
EndProject
Project("{9A19103F-16F7-4668-BE54-9A1E7A4F7556}") = "SFA.DAS.ProviderRelationships.Jobs.UnitTests", "SFA.DAS.ProviderRelationships.Jobs.UnitTests\SFA.DAS.ProviderRelationships.Jobs.UnitTests.csproj", "{EE123E95-CDD1-443C-8C9D-3723866796D9}"
EndProject
Project("{9A19103F-16F7-4668-BE54-9A1E7A4F7556}") = "SFA.DAS.ProviderRelationships.MessageHandlers.UnitTests", "SFA.DAS.ProviderRelationships.MessageHandlers.UnitTests\SFA.DAS.ProviderRelationships.MessageHandlers.UnitTests.csproj", "{9946FBAB-9D13-4B85-924E-A3BE10CDC567}"
EndProject
Project("{2150E333-8FDC-42A3-9474-1A3956D46DE8}") = "Solution Items", "Solution Items", "{A18A25C8-23F9-4518-921B-780DE259FFF9}"
	ProjectSection(SolutionItems) = preProject
		..\.editorconfig = ..\.editorconfig
		..\.gitignore = ..\.gitignore
		DevInstall.ps1 = DevInstall.ps1
		..\LICENSE = ..\LICENSE
		..\Possible Improvements.md = ..\Possible Improvements.md
		..\README.md = ..\README.md
	EndProjectSection
EndProject
Project("{9A19103F-16F7-4668-BE54-9A1E7A4F7556}") = "SFA.DAS.ProviderRelationships.Api.Client", "SFA.DAS.ProviderRelationships.Api.Client\SFA.DAS.ProviderRelationships.Api.Client.csproj", "{7F2F7041-07E0-48C0-A65A-E7FF06C65532}"
EndProject
Project("{9A19103F-16F7-4668-BE54-9A1E7A4F7556}") = "SFA.DAS.ProviderRelationships.Api.Client.UnitTests", "SFA.DAS.ProviderRelationships.Api.Client.UnitTests\SFA.DAS.ProviderRelationships.Api.Client.UnitTests.csproj", "{93F57F41-2B02-4DE2-853C-151873455CF5}"
EndProject
Project("{9A19103F-16F7-4668-BE54-9A1E7A4F7556}") = "SFA.DAS.ProviderRelationships.Types", "SFA.DAS.ProviderRelationships.Types\SFA.DAS.ProviderRelationships.Types.csproj", "{9E04AE68-5753-49E7-AC56-A0CF005D19D6}"
EndProject
Project("{9A19103F-16F7-4668-BE54-9A1E7A4F7556}") = "SFA.DAS.ProviderRelationships.MessageHandlers.TestHarness", "SFA.DAS.ProviderRelationships.MessageHandlers.TestHarness\SFA.DAS.ProviderRelationships.MessageHandlers.TestHarness.csproj", "{67A9B56E-B40E-4691-A037-A105CD57FADF}"
EndProject
Project("{9A19103F-16F7-4668-BE54-9A1E7A4F7556}") = "SFA.DAS.ProviderRelationships.Api.Client.TestHarness", "SFA.DAS.ProviderRelationships.Api.Client.TestHarness\SFA.DAS.ProviderRelationships.Api.Client.TestHarness.csproj", "{9010B8CE-3AFF-437C-BE39-A2556958ABA4}"
EndProject
Project("{FAE04EC0-301F-11D3-BF4B-00C04F79EFBC}") = "SFA.DAS.ProviderRelationships.Api", "SFA.DAS.ProviderRelationships.Api\SFA.DAS.ProviderRelationships.Api.csproj", "{CCBEC137-2904-4046-9968-CCBF6EE2415A}"
EndProject
Project("{9A19103F-16F7-4668-BE54-9A1E7A4F7556}") = "SFA.DAS.ProviderRelationships.Api.UnitTests", "SFA.DAS.ProviderRelationships.Api.UnitTests\SFA.DAS.ProviderRelationships.Api.UnitTests.csproj", "{0F2952B2-5B18-4B53-8A37-E934DFA55CD4}"
EndProject
Project("{9A19103F-16F7-4668-BE54-9A1E7A4F7556}") = "SFA.DAS.ProviderRegistrations.Web", "SFA.DAS.ProviderRegistrations.Web\SFA.DAS.ProviderRegistrations.Web.csproj", "{914F3597-2E00-499D-908B-D804573CE0BA}"
EndProject
Project("{9A19103F-16F7-4668-BE54-9A1E7A4F7556}") = "SFA.DAS.ProviderRegistrations", "SFA.DAS.ProviderRegistrations\SFA.DAS.ProviderRegistrations.csproj", "{4F4C6766-ECE9-4C8E-ABC1-83D6D7A9F56F}"
EndProject
Project("{9A19103F-16F7-4668-BE54-9A1E7A4F7556}") = "SFA.DAS.ProviderRelationships.Domain", "SFA.DAS.ProviderRelationships.Domain\SFA.DAS.ProviderRelationships.Domain.csproj", "{52F5CE9B-22EF-4051-B9B0-E866E003F9BF}"
EndProject
Global
	GlobalSection(SolutionConfigurationPlatforms) = preSolution
		Debug|Any CPU = Debug|Any CPU
		Release|Any CPU = Release|Any CPU
	EndGlobalSection
	GlobalSection(ProjectConfigurationPlatforms) = postSolution
		{1A642056-5AD1-4B7D-889F-CF26364A6138}.Debug|Any CPU.ActiveCfg = Debug|Any CPU
		{1A642056-5AD1-4B7D-889F-CF26364A6138}.Debug|Any CPU.Build.0 = Debug|Any CPU
		{1A642056-5AD1-4B7D-889F-CF26364A6138}.Release|Any CPU.ActiveCfg = Release|Any CPU
		{1A642056-5AD1-4B7D-889F-CF26364A6138}.Release|Any CPU.Build.0 = Release|Any CPU
		{AC00A2BD-5478-4965-9185-DECC31129187}.Debug|Any CPU.ActiveCfg = Debug|Any CPU
		{AC00A2BD-5478-4965-9185-DECC31129187}.Debug|Any CPU.Build.0 = Debug|Any CPU
		{AC00A2BD-5478-4965-9185-DECC31129187}.Release|Any CPU.ActiveCfg = Release|Any CPU
		{AC00A2BD-5478-4965-9185-DECC31129187}.Release|Any CPU.Build.0 = Release|Any CPU
		{C7FBD758-8531-4E65-BE21-6F013C6C6B25}.Debug|Any CPU.ActiveCfg = Debug|Any CPU
		{C7FBD758-8531-4E65-BE21-6F013C6C6B25}.Debug|Any CPU.Build.0 = Debug|Any CPU
		{C7FBD758-8531-4E65-BE21-6F013C6C6B25}.Release|Any CPU.ActiveCfg = Release|Any CPU
		{C7FBD758-8531-4E65-BE21-6F013C6C6B25}.Release|Any CPU.Build.0 = Release|Any CPU
		{50BAAF07-9143-4511-86F1-5576C3D4E825}.Debug|Any CPU.ActiveCfg = Debug|Any CPU
		{50BAAF07-9143-4511-86F1-5576C3D4E825}.Debug|Any CPU.Build.0 = Debug|Any CPU
		{50BAAF07-9143-4511-86F1-5576C3D4E825}.Release|Any CPU.ActiveCfg = Release|Any CPU
		{50BAAF07-9143-4511-86F1-5576C3D4E825}.Release|Any CPU.Build.0 = Release|Any CPU
		{6A265CC1-5196-4032-8645-1AE26E27D2AB}.Debug|Any CPU.ActiveCfg = Debug|Any CPU
		{6A265CC1-5196-4032-8645-1AE26E27D2AB}.Debug|Any CPU.Build.0 = Debug|Any CPU
		{6A265CC1-5196-4032-8645-1AE26E27D2AB}.Release|Any CPU.ActiveCfg = Release|Any CPU
		{6A265CC1-5196-4032-8645-1AE26E27D2AB}.Release|Any CPU.Build.0 = Release|Any CPU
		{1E68D7F6-06B8-4F24-A1CC-BF2950403000}.Debug|Any CPU.ActiveCfg = Debug|Any CPU
		{1E68D7F6-06B8-4F24-A1CC-BF2950403000}.Debug|Any CPU.Build.0 = Debug|Any CPU
		{1E68D7F6-06B8-4F24-A1CC-BF2950403000}.Release|Any CPU.ActiveCfg = Release|Any CPU
		{1E68D7F6-06B8-4F24-A1CC-BF2950403000}.Release|Any CPU.Build.0 = Release|Any CPU
		{AA3B4779-D497-4761-9228-DFD8233DF77D}.Debug|Any CPU.ActiveCfg = Debug|Any CPU
		{AA3B4779-D497-4761-9228-DFD8233DF77D}.Debug|Any CPU.Build.0 = Debug|Any CPU
		{AA3B4779-D497-4761-9228-DFD8233DF77D}.Release|Any CPU.ActiveCfg = Release|Any CPU
		{AA3B4779-D497-4761-9228-DFD8233DF77D}.Release|Any CPU.Build.0 = Release|Any CPU
		{560FBBEB-44AD-41EB-B987-5712243FE536}.Debug|Any CPU.ActiveCfg = Debug|Any CPU
		{560FBBEB-44AD-41EB-B987-5712243FE536}.Debug|Any CPU.Build.0 = Debug|Any CPU
		{560FBBEB-44AD-41EB-B987-5712243FE536}.Debug|Any CPU.Deploy.0 = Debug|Any CPU
		{560FBBEB-44AD-41EB-B987-5712243FE536}.Release|Any CPU.ActiveCfg = Release|Any CPU
		{560FBBEB-44AD-41EB-B987-5712243FE536}.Release|Any CPU.Build.0 = Release|Any CPU
		{560FBBEB-44AD-41EB-B987-5712243FE536}.Release|Any CPU.Deploy.0 = Release|Any CPU
		{35517391-9E0E-409D-93DB-998D446D9165}.Debug|Any CPU.ActiveCfg = Debug|Any CPU
		{35517391-9E0E-409D-93DB-998D446D9165}.Debug|Any CPU.Build.0 = Debug|Any CPU
		{35517391-9E0E-409D-93DB-998D446D9165}.Release|Any CPU.ActiveCfg = Release|Any CPU
		{35517391-9E0E-409D-93DB-998D446D9165}.Release|Any CPU.Build.0 = Release|Any CPU
		{EE123E95-CDD1-443C-8C9D-3723866796D9}.Debug|Any CPU.ActiveCfg = Debug|Any CPU
		{EE123E95-CDD1-443C-8C9D-3723866796D9}.Debug|Any CPU.Build.0 = Debug|Any CPU
		{EE123E95-CDD1-443C-8C9D-3723866796D9}.Release|Any CPU.ActiveCfg = Release|Any CPU
		{EE123E95-CDD1-443C-8C9D-3723866796D9}.Release|Any CPU.Build.0 = Release|Any CPU
		{9946FBAB-9D13-4B85-924E-A3BE10CDC567}.Debug|Any CPU.ActiveCfg = Debug|Any CPU
		{9946FBAB-9D13-4B85-924E-A3BE10CDC567}.Debug|Any CPU.Build.0 = Debug|Any CPU
		{9946FBAB-9D13-4B85-924E-A3BE10CDC567}.Release|Any CPU.ActiveCfg = Release|Any CPU
		{9946FBAB-9D13-4B85-924E-A3BE10CDC567}.Release|Any CPU.Build.0 = Release|Any CPU
		{7F2F7041-07E0-48C0-A65A-E7FF06C65532}.Debug|Any CPU.ActiveCfg = Debug|Any CPU
		{7F2F7041-07E0-48C0-A65A-E7FF06C65532}.Debug|Any CPU.Build.0 = Debug|Any CPU
		{7F2F7041-07E0-48C0-A65A-E7FF06C65532}.Release|Any CPU.ActiveCfg = Release|Any CPU
		{7F2F7041-07E0-48C0-A65A-E7FF06C65532}.Release|Any CPU.Build.0 = Release|Any CPU
		{93F57F41-2B02-4DE2-853C-151873455CF5}.Debug|Any CPU.ActiveCfg = Debug|Any CPU
		{93F57F41-2B02-4DE2-853C-151873455CF5}.Debug|Any CPU.Build.0 = Debug|Any CPU
		{93F57F41-2B02-4DE2-853C-151873455CF5}.Release|Any CPU.ActiveCfg = Release|Any CPU
		{93F57F41-2B02-4DE2-853C-151873455CF5}.Release|Any CPU.Build.0 = Release|Any CPU
		{9E04AE68-5753-49E7-AC56-A0CF005D19D6}.Debug|Any CPU.ActiveCfg = Debug|Any CPU
		{9E04AE68-5753-49E7-AC56-A0CF005D19D6}.Debug|Any CPU.Build.0 = Debug|Any CPU
		{9E04AE68-5753-49E7-AC56-A0CF005D19D6}.Release|Any CPU.ActiveCfg = Release|Any CPU
		{9E04AE68-5753-49E7-AC56-A0CF005D19D6}.Release|Any CPU.Build.0 = Release|Any CPU
		{67A9B56E-B40E-4691-A037-A105CD57FADF}.Debug|Any CPU.ActiveCfg = Debug|Any CPU
		{67A9B56E-B40E-4691-A037-A105CD57FADF}.Debug|Any CPU.Build.0 = Debug|Any CPU
		{67A9B56E-B40E-4691-A037-A105CD57FADF}.Release|Any CPU.ActiveCfg = Release|Any CPU
		{67A9B56E-B40E-4691-A037-A105CD57FADF}.Release|Any CPU.Build.0 = Release|Any CPU
		{9010B8CE-3AFF-437C-BE39-A2556958ABA4}.Debug|Any CPU.ActiveCfg = Debug|Any CPU
		{9010B8CE-3AFF-437C-BE39-A2556958ABA4}.Debug|Any CPU.Build.0 = Debug|Any CPU
		{9010B8CE-3AFF-437C-BE39-A2556958ABA4}.Release|Any CPU.ActiveCfg = Release|Any CPU
		{9010B8CE-3AFF-437C-BE39-A2556958ABA4}.Release|Any CPU.Build.0 = Release|Any CPU
		{CCBEC137-2904-4046-9968-CCBF6EE2415A}.Debug|Any CPU.ActiveCfg = Debug|Any CPU
		{CCBEC137-2904-4046-9968-CCBF6EE2415A}.Debug|Any CPU.Build.0 = Debug|Any CPU
		{CCBEC137-2904-4046-9968-CCBF6EE2415A}.Release|Any CPU.ActiveCfg = Release|Any CPU
		{CCBEC137-2904-4046-9968-CCBF6EE2415A}.Release|Any CPU.Build.0 = Release|Any CPU
		{0F2952B2-5B18-4B53-8A37-E934DFA55CD4}.Debug|Any CPU.ActiveCfg = Debug|Any CPU
		{0F2952B2-5B18-4B53-8A37-E934DFA55CD4}.Debug|Any CPU.Build.0 = Debug|Any CPU
		{0F2952B2-5B18-4B53-8A37-E934DFA55CD4}.Release|Any CPU.ActiveCfg = Release|Any CPU
		{0F2952B2-5B18-4B53-8A37-E934DFA55CD4}.Release|Any CPU.Build.0 = Release|Any CPU
		{914F3597-2E00-499D-908B-D804573CE0BA}.Debug|Any CPU.ActiveCfg = Debug|Any CPU
		{914F3597-2E00-499D-908B-D804573CE0BA}.Debug|Any CPU.Build.0 = Debug|Any CPU
		{914F3597-2E00-499D-908B-D804573CE0BA}.Release|Any CPU.ActiveCfg = Release|Any CPU
		{914F3597-2E00-499D-908B-D804573CE0BA}.Release|Any CPU.Build.0 = Release|Any CPU
		{4F4C6766-ECE9-4C8E-ABC1-83D6D7A9F56F}.Debug|Any CPU.ActiveCfg = Debug|Any CPU
		{4F4C6766-ECE9-4C8E-ABC1-83D6D7A9F56F}.Debug|Any CPU.Build.0 = Debug|Any CPU
		{4F4C6766-ECE9-4C8E-ABC1-83D6D7A9F56F}.Release|Any CPU.ActiveCfg = Release|Any CPU
		{4F4C6766-ECE9-4C8E-ABC1-83D6D7A9F56F}.Release|Any CPU.Build.0 = Release|Any CPU
		{52F5CE9B-22EF-4051-B9B0-E866E003F9BF}.Debug|Any CPU.ActiveCfg = Debug|Any CPU
		{52F5CE9B-22EF-4051-B9B0-E866E003F9BF}.Debug|Any CPU.Build.0 = Debug|Any CPU
		{52F5CE9B-22EF-4051-B9B0-E866E003F9BF}.Release|Any CPU.ActiveCfg = Release|Any CPU
		{52F5CE9B-22EF-4051-B9B0-E866E003F9BF}.Release|Any CPU.Build.0 = Release|Any CPU
	EndGlobalSection
	GlobalSection(SolutionProperties) = preSolution
		HideSolutionNode = FALSE
	EndGlobalSection
	GlobalSection(NestedProjects) = preSolution
		{AC00A2BD-5478-4965-9185-DECC31129187} = {04794025-72A5-4A0D-B7DD-BD3BBE2BD055}
		{50BAAF07-9143-4511-86F1-5576C3D4E825} = {04794025-72A5-4A0D-B7DD-BD3BBE2BD055}
		{EE123E95-CDD1-443C-8C9D-3723866796D9} = {04794025-72A5-4A0D-B7DD-BD3BBE2BD055}
		{9946FBAB-9D13-4B85-924E-A3BE10CDC567} = {04794025-72A5-4A0D-B7DD-BD3BBE2BD055}
		{93F57F41-2B02-4DE2-853C-151873455CF5} = {04794025-72A5-4A0D-B7DD-BD3BBE2BD055}
		{67A9B56E-B40E-4691-A037-A105CD57FADF} = {04794025-72A5-4A0D-B7DD-BD3BBE2BD055}
		{9010B8CE-3AFF-437C-BE39-A2556958ABA4} = {04794025-72A5-4A0D-B7DD-BD3BBE2BD055}
		{0F2952B2-5B18-4B53-8A37-E934DFA55CD4} = {04794025-72A5-4A0D-B7DD-BD3BBE2BD055}
	EndGlobalSection
	GlobalSection(ExtensibilityGlobals) = postSolution
		SolutionGuid = {60F880F0-9517-4CDC-86E4-D8694C75B0EB}
	EndGlobalSection
EndGlobal
